
Microsoft Visual Studio Solution File, Format Version 12.00
# Visual Studio 15
VisualStudioVersion = 15.0.27130.0
MinimumVisualStudioVersion = 10.0.40219.1
Project("{9A19103F-16F7-4668-BE54-9A1E7A4F7556}") = "BearerTokenAuthentication", "BearerTokenAuthentication\BearerTokenAuthentication.csproj", "{223BEA0F-5125-439C-9392-02AD2BA97C83}"
EndProject
Project("{FAE04EC0-301F-11D3-BF4B-00C04F79EFBC}") = "BearerTokenAuthentication.Security", "BearerTokenAuthentication.Security\BearerTokenAuthentication.Security.csproj", "{35A757C7-4799-4467-BE2C-A71A53AE4999}"
EndProject
Global
	GlobalSection(SolutionConfigurationPlatforms) = preSolution
		Debug|Any CPU = Debug|Any CPU
		Release|Any CPU = Release|Any CPU
	EndGlobalSection
	GlobalSection(ProjectConfigurationPlatforms) = postSolution
		{223BEA0F-5125-439C-9392-02AD2BA97C83}.Debug|Any CPU.ActiveCfg = Debug|Any CPU
		{223BEA0F-5125-439C-9392-02AD2BA97C83}.Debug|Any CPU.Build.0 = Debug|Any CPU
		{223BEA0F-5125-439C-9392-02AD2BA97C83}.Release|Any CPU.ActiveCfg = Release|Any CPU
		{223BEA0F-5125-439C-9392-02AD2BA97C83}.Release|Any CPU.Build.0 = Release|Any CPU
		{35A757C7-4799-4467-BE2C-A71A53AE4999}.Debug|Any CPU.ActiveCfg = Debug|Any CPU
		{35A757C7-4799-4467-BE2C-A71A53AE4999}.Debug|Any CPU.Build.0 = Debug|Any CPU
		{35A757C7-4799-4467-BE2C-A71A53AE4999}.Release|Any CPU.ActiveCfg = Release|Any CPU
		{35A757C7-4799-4467-BE2C-A71A53AE4999}.Release|Any CPU.Build.0 = Release|Any CPU
	EndGlobalSection
	GlobalSection(SolutionProperties) = preSolution
		HideSolutionNode = FALSE
	EndGlobalSection
	GlobalSection(ExtensibilityGlobals) = postSolution
		SolutionGuid = {7526B8EA-C533-4A69-B30D-0F43B68FC857}
	EndGlobalSection
EndGlobal
